
Microsoft Visual Studio Solution File, Format Version 12.00
# Visual Studio Version 16
VisualStudioVersion = 16.0.29609.76
MinimumVisualStudioVersion = 10.0.40219.1
Project("{FAE04EC0-301F-11D3-BF4B-00C04F79EFBC}") = "TopLeftPositionOfString", "TopLeftPositionOfString\TopLeftPositionOfString.csproj", "{AD234B75-83C2-479F-95EA-FE725CE9ABD2}"
EndProject
Global
	GlobalSection(SolutionConfigurationPlatforms) = preSolution
		Debug|Any CPU = Debug|Any CPU
		Release|Any CPU = Release|Any CPU
	EndGlobalSection
	GlobalSection(ProjectConfigurationPlatforms) = postSolution
		{AD234B75-83C2-479F-95EA-FE725CE9ABD2}.Debug|Any CPU.ActiveCfg = Debug|Any CPU
		{AD234B75-83C2-479F-95EA-FE725CE9ABD2}.Debug|Any CPU.Build.0 = Debug|Any CPU
		{AD234B75-83C2-479F-95EA-FE725CE9ABD2}.Release|Any CPU.ActiveCfg = Release|Any CPU
		{AD234B75-83C2-479F-95EA-FE725CE9ABD2}.Release|Any CPU.Build.0 = Release|Any CPU
	EndGlobalSection
	GlobalSection(SolutionProperties) = preSolution
		HideSolutionNode = FALSE
	EndGlobalSection
	GlobalSection(ExtensibilityGlobals) = postSolution
		SolutionGuid = {83AB52F1-3440-4091-B8B3-205687637E05}
	EndGlobalSection
EndGlobal
